
Microsoft Visual Studio Solution File, Format Version 12.00
# Visual Studio 15
VisualStudioVersion = 15.0.27004.2006
MinimumVisualStudioVersion = 10.0.40219.1
Project("{FAE04EC0-301F-11D3-BF4B-00C04F79EFBC}") = "Library System Management", "Library System Management\Library System Management.csproj", "{21229883-79F7-4F77-8742-F789D1668055}"
EndProject
Global
	GlobalSection(SolutionConfigurationPlatforms) = preSolution
		Debug|Any CPU = Debug|Any CPU
		Release|Any CPU = Release|Any CPU
	EndGlobalSection
	GlobalSection(ProjectConfigurationPlatforms) = postSolution
		{21229883-79F7-4F77-8742-F789D1668055}.Debug|Any CPU.ActiveCfg = Debug|Any CPU
		{21229883-79F7-4F77-8742-F789D1668055}.Debug|Any CPU.Build.0 = Debug|Any CPU
		{21229883-79F7-4F77-8742-F789D1668055}.Release|Any CPU.ActiveCfg = Release|Any CPU
		{21229883-79F7-4F77-8742-F789D1668055}.Release|Any CPU.Build.0 = Release|Any CPU
	EndGlobalSection
	GlobalSection(SolutionProperties) = preSolution
		HideSolutionNode = FALSE
	EndGlobalSection
	GlobalSection(ExtensibilityGlobals) = postSolution
		SolutionGuid = {10D69482-67BB-42EB-A950-99F29EB54B9C}
	EndGlobalSection
EndGlobal
